
Microsoft Visual Studio Solution File, Format Version 12.00
# Visual Studio Version 17
VisualStudioVersion = 17.5.33516.290
MinimumVisualStudioVersion = 10.0.40219.1
Project("{9A19103F-16F7-4668-BE54-9A1E7A4F7556}") = "Organiser.Core", "Organiser.Core.csproj", "{B41414B9-2395-4FE5-B515-2A337C2D7021}"
EndProject
Global
	GlobalSection(SolutionConfigurationPlatforms) = preSolution
		Debug|Any CPU = Debug|Any CPU
		Release|Any CPU = Release|Any CPU
	EndGlobalSection
	GlobalSection(ProjectConfigurationPlatforms) = postSolution
		{B41414B9-2395-4FE5-B515-2A337C2D7021}.Debug|Any CPU.ActiveCfg = Debug|Any CPU
		{B41414B9-2395-4FE5-B515-2A337C2D7021}.Debug|Any CPU.Build.0 = Debug|Any CPU
		{B41414B9-2395-4FE5-B515-2A337C2D7021}.Release|Any CPU.ActiveCfg = Release|Any CPU
		{B41414B9-2395-4FE5-B515-2A337C2D7021}.Release|Any CPU.Build.0 = Release|Any CPU
	EndGlobalSection
	GlobalSection(SolutionProperties) = preSolution
		HideSolutionNode = FALSE
	EndGlobalSection
	GlobalSection(ExtensibilityGlobals) = postSolution
		SolutionGuid = {E73FF8D0-008D-48A2-981D-D4263505B759}
	EndGlobalSection
EndGlobal
