
Microsoft Visual Studio Solution File, Format Version 12.00
# Visual Studio Version 17
VisualStudioVersion = 17.5.33516.290
MinimumVisualStudioVersion = 10.0.40219.1
Project("{9A19103F-16F7-4668-BE54-9A1E7A4F7556}") = "Organiser.Cores", "..\Organiser.Cores\Organiser.Cores.csproj", "{64C66E6C-9DA6-427E-8C70-95E347CD65E0}"
EndProject
Project("{9A19103F-16F7-4668-BE54-9A1E7A4F7556}") = "Organiser.UnitTests", "Organiser.UnitTests\Organiser.UnitTests.csproj", "{2957290F-B88B-4A50-BEC7-65A914122BFE}"
EndProject
Global
	GlobalSection(SolutionConfigurationPlatforms) = preSolution
		Debug|Any CPU = Debug|Any CPU
		Release|Any CPU = Release|Any CPU
	EndGlobalSection
	GlobalSection(ProjectConfigurationPlatforms) = postSolution
		{64C66E6C-9DA6-427E-8C70-95E347CD65E0}.Debug|Any CPU.ActiveCfg = Debug|Any CPU
		{64C66E6C-9DA6-427E-8C70-95E347CD65E0}.Debug|Any CPU.Build.0 = Debug|Any CPU
		{64C66E6C-9DA6-427E-8C70-95E347CD65E0}.Release|Any CPU.ActiveCfg = Release|Any CPU
		{64C66E6C-9DA6-427E-8C70-95E347CD65E0}.Release|Any CPU.Build.0 = Release|Any CPU
		{2957290F-B88B-4A50-BEC7-65A914122BFE}.Debug|Any CPU.ActiveCfg = Debug|Any CPU
		{2957290F-B88B-4A50-BEC7-65A914122BFE}.Debug|Any CPU.Build.0 = Debug|Any CPU
		{2957290F-B88B-4A50-BEC7-65A914122BFE}.Release|Any CPU.ActiveCfg = Release|Any CPU
		{2957290F-B88B-4A50-BEC7-65A914122BFE}.Release|Any CPU.Build.0 = Release|Any CPU
	EndGlobalSection
	GlobalSection(SolutionProperties) = preSolution
		HideSolutionNode = FALSE
	EndGlobalSection
	GlobalSection(ExtensibilityGlobals) = postSolution
		SolutionGuid = {E73FF8D0-008D-48A2-981D-D4263505B759}
	EndGlobalSection
EndGlobal
